// !$*UTF8*$!
{
	archiveVersion = 1;
	classes = {
	};
	objectVersion = 50;
	objects = {

/* Begin PBXBuildFile section */
		1DBBC1D7373B3584D2DEB6F7 /* Pods_MHW.framework in Frameworks */ = {isa = PBXBuildFile; fileRef = 159C99AD91E5308301DCF7ED /* Pods_MHW.framework */; };
		405076D0207CB52E0004651B /* AppDelegate.swift in Sources */ = {isa = PBXBuildFile; fileRef = 405076CF207CB52E0004651B /* AppDelegate.swift */; };
		405076D2207CB52E0004651B /* MeldingListTableViewController.swift in Sources */ = {isa = PBXBuildFile; fileRef = 405076D1207CB52E0004651B /* MeldingListTableViewController.swift */; };
		405076D5207CB52E0004651B /* Main.storyboard in Resources */ = {isa = PBXBuildFile; fileRef = 405076D3207CB52E0004651B /* Main.storyboard */; };
		405076DA207CB5300004651B /* Assets.xcassets in Resources */ = {isa = PBXBuildFile; fileRef = 405076D9207CB5300004651B /* Assets.xcassets */; };
		405076DD207CB5300004651B /* LaunchScreen.storyboard in Resources */ = {isa = PBXBuildFile; fileRef = 405076DB207CB5300004651B /* LaunchScreen.storyboard */; };
		405076E5207CD2590004651B /* UIButton+BorderedButton.swift in Sources */ = {isa = PBXBuildFile; fileRef = 405076E4207CD2590004651B /* UIButton+BorderedButton.swift */; };
		405076E7207CD30A0004651B /* UIViewController+RoundShadowView.swift in Sources */ = {isa = PBXBuildFile; fileRef = 405076E6207CD30A0004651B /* UIViewController+RoundShadowView.swift */; };
		405076F0207CD46C0004651B /* MeldingCell.swift in Sources */ = {isa = PBXBuildFile; fileRef = 405076EF207CD46C0004651B /* MeldingCell.swift */; };
		405076F2207CD48B0004651B /* MeldingTitleView.swift in Sources */ = {isa = PBXBuildFile; fileRef = 405076F1207CD48B0004651B /* MeldingTitleView.swift */; };
		405076F6207CD4BD0004651B /* PopupSetupViewController.swift in Sources */ = {isa = PBXBuildFile; fileRef = 405076F5207CD4BD0004651B /* PopupSetupViewController.swift */; };
		405076F8207CD5030004651B /* OrderList.swift in Sources */ = {isa = PBXBuildFile; fileRef = 405076F7207CD5030004651B /* OrderList.swift */; };
		405076FE207CD5340004651B /* CurrentStatus.swift in Sources */ = {isa = PBXBuildFile; fileRef = 405076FD207CD5340004651B /* CurrentStatus.swift */; };
		40507702207D794F0004651B /* AddGemsViewController.swift in Sources */ = {isa = PBXBuildFile; fileRef = 40507701207D794F0004651B /* AddGemsViewController.swift */; };
		40551149208332A00040719B /* SettingsViewController.swift in Sources */ = {isa = PBXBuildFile; fileRef = 40551148208332A00040719B /* SettingsViewController.swift */; };
		4093B9D820807A0B00C52B25 /* SavedArray+CoreDataClass.swift in Sources */ = {isa = PBXBuildFile; fileRef = 4093B9D220807A0B00C52B25 /* SavedArray+CoreDataClass.swift */; };
		4093B9D920807A0B00C52B25 /* SavedArray+CoreDataProperties.swift in Sources */ = {isa = PBXBuildFile; fileRef = 4093B9D320807A0B00C52B25 /* SavedArray+CoreDataProperties.swift */; };
		4096A71020A99B1F007C6315 /* SwitchLanguageViewController.swift in Sources */ = {isa = PBXBuildFile; fileRef = 4096A70F20A99B1F007C6315 /* SwitchLanguageViewController.swift */; };
		409E9B0A207D8EC30079BD20 /* MHW.xcdatamodeld in Sources */ = {isa = PBXBuildFile; fileRef = 409E9B08207D8EC30079BD20 /* MHW.xcdatamodeld */; };
		409E9B14207D903A0079BD20 /* PersistenceService.swift in Sources */ = {isa = PBXBuildFile; fileRef = 409E9B13207D903A0079BD20 /* PersistenceService.swift */; };
		40BC1BF220840ED000617C76 /* gem_en.json in Resources */ = {isa = PBXBuildFile; fileRef = 40BC1BF120840ECF00617C76 /* gem_en.json */; };
		40BC1BFF2084277200617C76 /* Localizable.strings in Resources */ = {isa = PBXBuildFile; fileRef = 40BC1C012084277200617C76 /* Localizable.strings */; };
		40BC1C0D20843BAE00617C76 /* gem_kr.json in Resources */ = {isa = PBXBuildFile; fileRef = 40BC1C0C20843BAE00617C76 /* gem_kr.json */; };
		40BC1C0F20843C7900617C76 /* YKHangul.swift in Sources */ = {isa = PBXBuildFile; fileRef = 40BC1C0E20843C7900617C76 /* YKHangul.swift */; };
		40BC1C1120843FC700617C76 /* Key.swift in Sources */ = {isa = PBXBuildFile; fileRef = 40BC1C1020843FC700617C76 /* Key.swift */; };
		40BC1C13208443BC00617C76 /* StoreKit.framework in Frameworks */ = {isa = PBXBuildFile; fileRef = 40BC1C12208443BC00617C76 /* StoreKit.framework */; };
		40BC1C212084674A00617C76 /* InfoPlist.strings in Resources */ = {isa = PBXBuildFile; fileRef = 40BC1C1F2084674A00617C76 /* InfoPlist.strings */; };
		40BC1C422085BECA00617C76 /* Order+CoreDataClass.swift in Sources */ = {isa = PBXBuildFile; fileRef = 40BC1C3E2085BECA00617C76 /* Order+CoreDataClass.swift */; };
		40BC1C432085BECA00617C76 /* GemList+CoreDataProperties.swift in Sources */ = {isa = PBXBuildFile; fileRef = 40BC1C3F2085BECA00617C76 /* GemList+CoreDataProperties.swift */; };
		40BC1C442085BECA00617C76 /* GemList+CoreDataClass.swift in Sources */ = {isa = PBXBuildFile; fileRef = 40BC1C402085BECA00617C76 /* GemList+CoreDataClass.swift */; };
		40BC1C452085BECA00617C76 /* Order+CoreDataProperties.swift in Sources */ = {isa = PBXBuildFile; fileRef = 40BC1C412085BECA00617C76 /* Order+CoreDataProperties.swift */; };
		40E970722083F189002EFABE /* ContactUsViewController.swift in Sources */ = {isa = PBXBuildFile; fileRef = 40E970712083F189002EFABE /* ContactUsViewController.swift */; };
		40EE8ADB208C4BBF005B6E21 /* HighlightGemsViewController.swift in Sources */ = {isa = PBXBuildFile; fileRef = 40EE8ADA208C4BBF005B6E21 /* HighlightGemsViewController.swift */; };
		40EE8AE9208C58A3005B6E21 /* Gem+CoreDataProperties.swift in Sources */ = {isa = PBXBuildFile; fileRef = 40EE8AE5208C58A2005B6E21 /* Gem+CoreDataProperties.swift */; };
		40EE8AEA208C58A3005B6E21 /* Gem+CoreDataClass.swift in Sources */ = {isa = PBXBuildFile; fileRef = 40EE8AE6208C58A2005B6E21 /* Gem+CoreDataClass.swift */; };
		40EE8AEE208C5B15005B6E21 /* GemHighlightList+CoreDataClass.swift in Sources */ = {isa = PBXBuildFile; fileRef = 40EE8AEC208C5B15005B6E21 /* GemHighlightList+CoreDataClass.swift */; };
		40EE8AEF208C5B15005B6E21 /* GemHighlightList+CoreDataProperties.swift in Sources */ = {isa = PBXBuildFile; fileRef = 40EE8AED208C5B15005B6E21 /* GemHighlightList+CoreDataProperties.swift */; };
/* End PBXBuildFile section */

/* Begin PBXFileReference section */
		159C99AD91E5308301DCF7ED /* Pods_MHW.framework */ = {isa = PBXFileReference; explicitFileType = wrapper.framework; includeInIndex = 0; path = Pods_MHW.framework; sourceTree = BUILT_PRODUCTS_DIR; };
		405076CC207CB52E0004651B /* MHW.app */ = {isa = PBXFileReference; explicitFileType = wrapper.application; includeInIndex = 0; path = MHW.app; sourceTree = BUILT_PRODUCTS_DIR; };
		405076CF207CB52E0004651B /* AppDelegate.swift */ = {isa = PBXFileReference; lastKnownFileType = sourcecode.swift; path = AppDelegate.swift; sourceTree = "<group>"; };
		405076D1207CB52E0004651B /* MeldingListTableViewController.swift */ = {isa = PBXFileReference; lastKnownFileType = sourcecode.swift; path = MeldingListTableViewController.swift; sourceTree = "<group>"; };
		405076D4207CB52E0004651B /* Base */ = {isa = PBXFileReference; lastKnownFileType = file.storyboard; name = Base; path = Base.lproj/Main.storyboard; sourceTree = "<group>"; };
		405076D9207CB5300004651B /* Assets.xcassets */ = {isa = PBXFileReference; lastKnownFileType = folder.assetcatalog; path = Assets.xcassets; sourceTree = "<group>"; };
		405076DC207CB5300004651B /* Base */ = {isa = PBXFileReference; lastKnownFileType = file.storyboard; name = Base; path = Base.lproj/LaunchScreen.storyboard; sourceTree = "<group>"; };
		405076E4207CD2590004651B /* UIButton+BorderedButton.swift */ = {isa = PBXFileReference; lastKnownFileType = sourcecode.swift; path = "UIButton+BorderedButton.swift"; sourceTree = "<group>"; };
		405076E6207CD30A0004651B /* UIViewController+RoundShadowView.swift */ = {isa = PBXFileReference; lastKnownFileType = sourcecode.swift; path = "UIViewController+RoundShadowView.swift"; sourceTree = "<group>"; };
		405076EF207CD46C0004651B /* MeldingCell.swift */ = {isa = PBXFileReference; lastKnownFileType = sourcecode.swift; path = MeldingCell.swift; sourceTree = "<group>"; };
		405076F1207CD48B0004651B /* MeldingTitleView.swift */ = {isa = PBXFileReference; lastKnownFileType = sourcecode.swift; path = MeldingTitleView.swift; sourceTree = "<group>"; };
		405076F5207CD4BD0004651B /* PopupSetupViewController.swift */ = {isa = PBXFileReference; lastKnownFileType = sourcecode.swift; path = PopupSetupViewController.swift; sourceTree = "<group>"; };
		405076F7207CD5030004651B /* OrderList.swift */ = {isa = PBXFileReference; lastKnownFileType = sourcecode.swift; path = OrderList.swift; sourceTree = "<group>"; };
		405076FD207CD5340004651B /* CurrentStatus.swift */ = {isa = PBXFileReference; lastKnownFileType = sourcecode.swift; path = CurrentStatus.swift; sourceTree = "<group>"; };
		40507701207D794F0004651B /* AddGemsViewController.swift */ = {isa = PBXFileReference; lastKnownFileType = sourcecode.swift; path = AddGemsViewController.swift; sourceTree = "<group>"; };
		40551148208332A00040719B /* SettingsViewController.swift */ = {isa = PBXFileReference; lastKnownFileType = sourcecode.swift; path = SettingsViewController.swift; sourceTree = "<group>"; };
		4093B9D220807A0B00C52B25 /* SavedArray+CoreDataClass.swift */ = {isa = PBXFileReference; lastKnownFileType = sourcecode.swift; path = "SavedArray+CoreDataClass.swift"; sourceTree = "<group>"; };
		4093B9D320807A0B00C52B25 /* SavedArray+CoreDataProperties.swift */ = {isa = PBXFileReference; lastKnownFileType = sourcecode.swift; path = "SavedArray+CoreDataProperties.swift"; sourceTree = "<group>"; };
		4096A70F20A99B1F007C6315 /* SwitchLanguageViewController.swift */ = {isa = PBXFileReference; lastKnownFileType = sourcecode.swift; path = SwitchLanguageViewController.swift; sourceTree = "<group>"; };
		409E9B09207D8EC30079BD20 /* MHW.xcdatamodel */ = {isa = PBXFileReference; lastKnownFileType = wrapper.xcdatamodel; path = MHW.xcdatamodel; sourceTree = "<group>"; };
		409E9B13207D903A0079BD20 /* PersistenceService.swift */ = {isa = PBXFileReference; lastKnownFileType = sourcecode.swift; path = PersistenceService.swift; sourceTree = "<group>"; };
		40BC1BF120840ECF00617C76 /* gem_en.json */ = {isa = PBXFileReference; fileEncoding = 4; lastKnownFileType = text.json; name = gem_en.json; path = ../../gem_en.json; sourceTree = "<group>"; };
		40BC1BF62084272C00617C76 /* ko */ = {isa = PBXFileReference; lastKnownFileType = text.plist.strings; name = ko; path = ko.lproj/Main.strings; sourceTree = "<group>"; };
		40BC1C002084277200617C76 /* ko */ = {isa = PBXFileReference; lastKnownFileType = text.plist.strings; name = ko; path = ko.lproj/Localizable.strings; sourceTree = "<group>"; };
		40BC1C022084277600617C76 /* Base */ = {isa = PBXFileReference; lastKnownFileType = text.plist.strings; name = Base; path = Base.lproj/Localizable.strings; sourceTree = "<group>"; };
		40BC1C05208434F200617C76 /* ko */ = {isa = PBXFileReference; lastKnownFileType = text.plist.strings; name = ko; path = ko.lproj/LaunchScreen.strings; sourceTree = "<group>"; };
		40BC1C0C20843BAE00617C76 /* gem_kr.json */ = {isa = PBXFileReference; fileEncoding = 4; lastKnownFileType = text.json; path = gem_kr.json; sourceTree = SOURCE_ROOT; };
		40BC1C0E20843C7900617C76 /* YKHangul.swift */ = {isa = PBXFileReference; lastKnownFileType = sourcecode.swift; path = YKHangul.swift; sourceTree = "<group>"; };
		40BC1C1020843FC700617C76 /* Key.swift */ = {isa = PBXFileReference; lastKnownFileType = sourcecode.swift; path = Key.swift; sourceTree = "<group>"; };
		40BC1C12208443BC00617C76 /* StoreKit.framework */ = {isa = PBXFileReference; lastKnownFileType = wrapper.framework; name = StoreKit.framework; path = System/Library/Frameworks/StoreKit.framework; sourceTree = SDKROOT; };
		40BC1C1D208466A600617C76 /* Info.plist */ = {isa = PBXFileReference; fileEncoding = 4; lastKnownFileType = text.plist.xml; path = Info.plist; sourceTree = "<group>"; };
		40BC1C202084674A00617C76 /* Base */ = {isa = PBXFileReference; lastKnownFileType = text.plist.strings; name = Base; path = Base.lproj/InfoPlist.strings; sourceTree = "<group>"; };
		40BC1C222084674E00617C76 /* ko */ = {isa = PBXFileReference; lastKnownFileType = text.plist.strings; name = ko; path = ko.lproj/InfoPlist.strings; sourceTree = "<group>"; };
		40BC1C232084690100617C76 /* en */ = {isa = PBXFileReference; lastKnownFileType = text.plist.strings; name = en; path = en.lproj/InfoPlist.strings; sourceTree = "<group>"; };
		40BC1C3E2085BECA00617C76 /* Order+CoreDataClass.swift */ = {isa = PBXFileReference; fileEncoding = 4; lastKnownFileType = sourcecode.swift; path = "Order+CoreDataClass.swift"; sourceTree = "<group>"; };
		40BC1C3F2085BECA00617C76 /* GemList+CoreDataProperties.swift */ = {isa = PBXFileReference; fileEncoding = 4; lastKnownFileType = sourcecode.swift; path = "GemList+CoreDataProperties.swift"; sourceTree = "<group>"; };
		40BC1C402085BECA00617C76 /* GemList+CoreDataClass.swift */ = {isa = PBXFileReference; fileEncoding = 4; lastKnownFileType = sourcecode.swift; path = "GemList+CoreDataClass.swift"; sourceTree = "<group>"; };
		40BC1C412085BECA00617C76 /* Order+CoreDataProperties.swift */ = {isa = PBXFileReference; fileEncoding = 4; lastKnownFileType = sourcecode.swift; path = "Order+CoreDataProperties.swift"; sourceTree = "<group>"; };
		40E970712083F189002EFABE /* ContactUsViewController.swift */ = {isa = PBXFileReference; lastKnownFileType = sourcecode.swift; path = ContactUsViewController.swift; sourceTree = "<group>"; };
		40EE8ADA208C4BBF005B6E21 /* HighlightGemsViewController.swift */ = {isa = PBXFileReference; lastKnownFileType = sourcecode.swift; path = HighlightGemsViewController.swift; sourceTree = "<group>"; };
		40EE8AE5208C58A2005B6E21 /* Gem+CoreDataProperties.swift */ = {isa = PBXFileReference; lastKnownFileType = sourcecode.swift; name = "Gem+CoreDataProperties.swift"; path = "/Users/jeffeom/Documents/MHW/MHW/Supporting Files/CoreDataModels/Gem+CoreDataProperties.swift"; sourceTree = "<absolute>"; };
		40EE8AE6208C58A2005B6E21 /* Gem+CoreDataClass.swift */ = {isa = PBXFileReference; lastKnownFileType = sourcecode.swift; name = "Gem+CoreDataClass.swift"; path = "/Users/jeffeom/Documents/MHW/MHW/Supporting Files/CoreDataModels/Gem+CoreDataClass.swift"; sourceTree = "<absolute>"; };
		40EE8AEC208C5B15005B6E21 /* GemHighlightList+CoreDataClass.swift */ = {isa = PBXFileReference; lastKnownFileType = sourcecode.swift; name = "GemHighlightList+CoreDataClass.swift"; path = "/Users/jeffeom/Documents/MHW/MHW/Supporting Files/CoreDataModels/GemHighlightList+CoreDataClass.swift"; sourceTree = "<absolute>"; };
		40EE8AED208C5B15005B6E21 /* GemHighlightList+CoreDataProperties.swift */ = {isa = PBXFileReference; lastKnownFileType = sourcecode.swift; name = "GemHighlightList+CoreDataProperties.swift"; path = "/Users/jeffeom/Documents/MHW/MHW/Supporting Files/CoreDataModels/GemHighlightList+CoreDataProperties.swift"; sourceTree = "<absolute>"; };
		93B2F4D93A79D2B9870F1AAF /* Pods-MHW.debug.xcconfig */ = {isa = PBXFileReference; includeInIndex = 1; lastKnownFileType = text.xcconfig; name = "Pods-MHW.debug.xcconfig"; path = "Pods/Target Support Files/Pods-MHW/Pods-MHW.debug.xcconfig"; sourceTree = "<group>"; };
		DCE9C4F121951F0F6EC0401B /* Pods-MHW.release.xcconfig */ = {isa = PBXFileReference; includeInIndex = 1; lastKnownFileType = text.xcconfig; name = "Pods-MHW.release.xcconfig"; path = "Pods/Target Support Files/Pods-MHW/Pods-MHW.release.xcconfig"; sourceTree = "<group>"; };
/* End PBXFileReference section */

/* Begin PBXFrameworksBuildPhase section */
		405076C9207CB52E0004651B /* Frameworks */ = {
			isa = PBXFrameworksBuildPhase;
			buildActionMask = 2147483647;
			files = (
				1DBBC1D7373B3584D2DEB6F7 /* Pods_MHW.framework in Frameworks */,
				40BC1C13208443BC00617C76 /* StoreKit.framework in Frameworks */,
			);
			runOnlyForDeploymentPostprocessing = 0;
		};
/* End PBXFrameworksBuildPhase section */

/* Begin PBXGroup section */
		399FAA871BDCFE2A10D39DCA /* Frameworks */ = {
			isa = PBXGroup;
			children = (
				40BC1C12208443BC00617C76 /* StoreKit.framework */,
				159C99AD91E5308301DCF7ED /* Pods_MHW.framework */,
			);
			name = Frameworks;
			sourceTree = "<group>";
		};
		405076C3207CB52E0004651B = {
			isa = PBXGroup;
			children = (
				405076CE207CB52E0004651B /* MHW */,
				405076CD207CB52E0004651B /* Products */,
				E0118A01BB0CDB27BA091483 /* Pods */,
				399FAA871BDCFE2A10D39DCA /* Frameworks */,
			);
			sourceTree = "<group>";
		};
		405076CD207CB52E0004651B /* Products */ = {
			isa = PBXGroup;
			children = (
				405076CC207CB52E0004651B /* MHW.app */,
			);
			name = Products;
			sourceTree = "<group>";
		};
		405076CE207CB52E0004651B /* MHW */ = {
			isa = PBXGroup;
			children = (
				405076ED207CD3EC0004651B /* AppDelegate */,
				405076EC207CD3EB0004651B /* Model */,
				405076EE207CD4310004651B /* View */,
				405076EB207CD3EB0004651B /* Controller */,
				405076EA207CD3E90004651B /* UI */,
				405076E9207CD3E80004651B /* Supporting Files */,
			);
			path = MHW;
			sourceTree = "<group>";
		};
		405076E9207CD3E80004651B /* Supporting Files */ = {
			isa = PBXGroup;
			children = (
				40BC1C1D208466A600617C76 /* Info.plist */,
				40BC1BF120840ECF00617C76 /* gem_en.json */,
				40BC1C0C20843BAE00617C76 /* gem_kr.json */,
				4093B9DE20808C7200C52B25 /* CoreDataModels */,
				409E9B08207D8EC30079BD20 /* MHW.xcdatamodeld */,
				405076E6207CD30A0004651B /* UIViewController+RoundShadowView.swift */,
				405076E4207CD2590004651B /* UIButton+BorderedButton.swift */,
				409E9B13207D903A0079BD20 /* PersistenceService.swift */,
				40BC1C012084277200617C76 /* Localizable.strings */,
				40BC1C1F2084674A00617C76 /* InfoPlist.strings */,
				40BC1C0E20843C7900617C76 /* YKHangul.swift */,
				40BC1C1020843FC700617C76 /* Key.swift */,
			);
			path = "Supporting Files";
			sourceTree = "<group>";
		};
		405076EA207CD3E90004651B /* UI */ = {
			isa = PBXGroup;
			children = (
				405076D9207CB5300004651B /* Assets.xcassets */,
				405076D3207CB52E0004651B /* Main.storyboard */,
				405076DB207CB5300004651B /* LaunchScreen.storyboard */,
			);
			path = UI;
			sourceTree = "<group>";
		};
		405076EB207CD3EB0004651B /* Controller */ = {
			isa = PBXGroup;
			children = (
				405076D1207CB52E0004651B /* MeldingListTableViewController.swift */,
				405076F5207CD4BD0004651B /* PopupSetupViewController.swift */,
				40507701207D794F0004651B /* AddGemsViewController.swift */,
				40551148208332A00040719B /* SettingsViewController.swift */,
				40E970712083F189002EFABE /* ContactUsViewController.swift */,
				40EE8ADA208C4BBF005B6E21 /* HighlightGemsViewController.swift */,
				4096A70F20A99B1F007C6315 /* SwitchLanguageViewController.swift */,
			);
			path = Controller;
			sourceTree = "<group>";
		};
		405076EC207CD3EB0004651B /* Model */ = {
			isa = PBXGroup;
			children = (
				405076F7207CD5030004651B /* OrderList.swift */,
				405076FD207CD5340004651B /* CurrentStatus.swift */,
			);
			path = Model;
			sourceTree = "<group>";
		};
		405076ED207CD3EC0004651B /* AppDelegate */ = {
			isa = PBXGroup;
			children = (
				405076CF207CB52E0004651B /* AppDelegate.swift */,
			);
			path = AppDelegate;
			sourceTree = "<group>";
		};
		405076EE207CD4310004651B /* View */ = {
			isa = PBXGroup;
			children = (
				405076F1207CD48B0004651B /* MeldingTitleView.swift */,
				405076EF207CD46C0004651B /* MeldingCell.swift */,
			);
			path = View;
			sourceTree = "<group>";
		};
		4093B9DE20808C7200C52B25 /* CoreDataModels */ = {
			isa = PBXGroup;
			children = (
				40BC1C402085BECA00617C76 /* GemList+CoreDataClass.swift */,
				40BC1C3F2085BECA00617C76 /* GemList+CoreDataProperties.swift */,
				40BC1C3E2085BECA00617C76 /* Order+CoreDataClass.swift */,
				40BC1C412085BECA00617C76 /* Order+CoreDataProperties.swift */,
				4093B9D220807A0B00C52B25 /* SavedArray+CoreDataClass.swift */,
				4093B9D320807A0B00C52B25 /* SavedArray+CoreDataProperties.swift */,
				40EE8AEC208C5B15005B6E21 /* GemHighlightList+CoreDataClass.swift */,
				40EE8AED208C5B15005B6E21 /* GemHighlightList+CoreDataProperties.swift */,
				40EE8AE6208C58A2005B6E21 /* Gem+CoreDataClass.swift */,
				40EE8AE5208C58A2005B6E21 /* Gem+CoreDataProperties.swift */,
			);
			path = CoreDataModels;
			sourceTree = "<group>";
		};
		E0118A01BB0CDB27BA091483 /* Pods */ = {
			isa = PBXGroup;
			children = (
				93B2F4D93A79D2B9870F1AAF /* Pods-MHW.debug.xcconfig */,
				DCE9C4F121951F0F6EC0401B /* Pods-MHW.release.xcconfig */,
			);
			name = Pods;
			sourceTree = "<group>";
		};
/* End PBXGroup section */

/* Begin PBXNativeTarget section */
		405076CB207CB52E0004651B /* MHW */ = {
			isa = PBXNativeTarget;
			buildConfigurationList = 405076E1207CB5300004651B /* Build configuration list for PBXNativeTarget "MHW" */;
			buildPhases = (
				38F6A445C0B7DA3A64A585EF /* [CP] Check Pods Manifest.lock */,
				405076C8207CB52E0004651B /* Sources */,
				405076C9207CB52E0004651B /* Frameworks */,
				405076CA207CB52E0004651B /* Resources */,
				1AA420DF3673255EC4CB3C32 /* [CP] Embed Pods Frameworks */,
				BEBAA88CD4A22A2394756530 /* [CP] Copy Pods Resources */,
				40BC1BF32084268B00617C76 /* Barty Crouch */,
			);
			buildRules = (
			);
			dependencies = (
			);
			name = MHW;
			productName = MHW;
			productReference = 405076CC207CB52E0004651B /* MHW.app */;
			productType = "com.apple.product-type.application";
		};
/* End PBXNativeTarget section */

/* Begin PBXProject section */
		405076C4207CB52E0004651B /* Project object */ = {
			isa = PBXProject;
			attributes = {
				LastSwiftUpdateCheck = 0930;
				LastUpgradeCheck = 0930;
				ORGANIZATIONNAME = "Jeff Eom";
				TargetAttributes = {
					405076CB207CB52E0004651B = {
						CreatedOnToolsVersion = 9.3;
						SystemCapabilities = {
							com.apple.InAppPurchase = {
								enabled = 1;
							};
						};
					};
				};
			};
			buildConfigurationList = 405076C7207CB52E0004651B /* Build configuration list for PBXProject "MHW" */;
			compatibilityVersion = "Xcode 9.3";
			developmentRegion = en;
			hasScannedForEncodings = 0;
			knownRegions = (
				en,
				Base,
				ko,
			);
			mainGroup = 405076C3207CB52E0004651B;
			productRefGroup = 405076CD207CB52E0004651B /* Products */;
			projectDirPath = "";
			projectRoot = "";
			targets = (
				405076CB207CB52E0004651B /* MHW */,
			);
		};
/* End PBXProject section */

/* Begin PBXResourcesBuildPhase section */
		405076CA207CB52E0004651B /* Resources */ = {
			isa = PBXResourcesBuildPhase;
			buildActionMask = 2147483647;
			files = (
				40BC1C0D20843BAE00617C76 /* gem_kr.json in Resources */,
				40BC1C212084674A00617C76 /* InfoPlist.strings in Resources */,
				40BC1BFF2084277200617C76 /* Localizable.strings in Resources */,
				405076DD207CB5300004651B /* LaunchScreen.storyboard in Resources */,
				40BC1BF220840ED000617C76 /* gem_en.json in Resources */,
				405076DA207CB5300004651B /* Assets.xcassets in Resources */,
				405076D5207CB52E0004651B /* Main.storyboard in Resources */,
			);
			runOnlyForDeploymentPostprocessing = 0;
		};
/* End PBXResourcesBuildPhase section */

/* Begin PBXShellScriptBuildPhase section */
		1AA420DF3673255EC4CB3C32 /* [CP] Embed Pods Frameworks */ = {
			isa = PBXShellScriptBuildPhase;
			buildActionMask = 2147483647;
			files = (
			);
			inputPaths = (
				"${SRCROOT}/Pods/Target Support Files/Pods-MHW/Pods-MHW-frameworks.sh",
				"${BUILT_PRODUCTS_DIR}/Localize-Swift/Localize_Swift.framework",
				"${BUILT_PRODUCTS_DIR}/SwiftyStoreKit/SwiftyStoreKit.framework",
			);
			name = "[CP] Embed Pods Frameworks";
			outputPaths = (
				"${TARGET_BUILD_DIR}/${FRAMEWORKS_FOLDER_PATH}/Localize_Swift.framework",
				"${TARGET_BUILD_DIR}/${FRAMEWORKS_FOLDER_PATH}/SwiftyStoreKit.framework",
			);
			runOnlyForDeploymentPostprocessing = 0;
			shellPath = /bin/sh;
			shellScript = "\"${SRCROOT}/Pods/Target Support Files/Pods-MHW/Pods-MHW-frameworks.sh\"\n";
			showEnvVarsInLog = 0;
		};
		38F6A445C0B7DA3A64A585EF /* [CP] Check Pods Manifest.lock */ = {
			isa = PBXShellScriptBuildPhase;
			buildActionMask = 2147483647;
			files = (
			);
			inputPaths = (
				"${PODS_PODFILE_DIR_PATH}/Podfile.lock",
				"${PODS_ROOT}/Manifest.lock",
			);
			name = "[CP] Check Pods Manifest.lock";
			outputPaths = (
				"$(DERIVED_FILE_DIR)/Pods-MHW-checkManifestLockResult.txt",
			);
			runOnlyForDeploymentPostprocessing = 0;
			shellPath = /bin/sh;
			shellScript = "diff \"${PODS_PODFILE_DIR_PATH}/Podfile.lock\" \"${PODS_ROOT}/Manifest.lock\" > /dev/null\nif [ $? != 0 ] ; then\n    # print error to STDERR\n    echo \"error: The sandbox is not in sync with the Podfile.lock. Run 'pod install' or update your CocoaPods installation.\" >&2\n    exit 1\nfi\n# This output is used by Xcode 'outputs' to avoid re-running this script phase.\necho \"SUCCESS\" > \"${SCRIPT_OUTPUT_FILE_0}\"\n";
			showEnvVarsInLog = 0;
		};
		40BC1BF32084268B00617C76 /* Barty Crouch */ = {
			isa = PBXShellScriptBuildPhase;
			buildActionMask = 2147483647;
			files = (
			);
			inputPaths = (
			);
			name = "Barty Crouch";
			outputPaths = (
			);
			runOnlyForDeploymentPostprocessing = 0;
			shellPath = /bin/sh;
			shellScript = "if which bartycrouch > /dev/null; then\n# Incrementally update all Storyboards/XIBs strings files\nbartycrouch interfaces -p \"$PROJECT_DIR\"\n\n# Add new keys to Localizable.strings files from NSLocalizedString in code\nbartycrouch code -p \"$PROJECT_DIR\" -l \"$PROJECT_DIR\" -a -s\nelse\necho \"warning: BartyCrouch not installed, download it from https://github.com/Flinesoft/BartyCrouch\"\nfi";
		};
		BEBAA88CD4A22A2394756530 /* [CP] Copy Pods Resources */ = {
			isa = PBXShellScriptBuildPhase;
			buildActionMask = 2147483647;
			files = (
			);
			inputPaths = (
			);
			name = "[CP] Copy Pods Resources";
			outputPaths = (
			);
			runOnlyForDeploymentPostprocessing = 0;
			shellPath = /bin/sh;
			shellScript = "\"${SRCROOT}/Pods/Target Support Files/Pods-MHW/Pods-MHW-resources.sh\"\n";
			showEnvVarsInLog = 0;
		};
/* End PBXShellScriptBuildPhase section */

/* Begin PBXSourcesBuildPhase section */
		405076C8207CB52E0004651B /* Sources */ = {
			isa = PBXSourcesBuildPhase;
			buildActionMask = 2147483647;
			files = (
				405076D2207CB52E0004651B /* MeldingListTableViewController.swift in Sources */,
				40EE8AEA208C58A3005B6E21 /* Gem+CoreDataClass.swift in Sources */,
				405076FE207CD5340004651B /* CurrentStatus.swift in Sources */,
				405076E7207CD30A0004651B /* UIViewController+RoundShadowView.swift in Sources */,
				40BC1C0F20843C7900617C76 /* YKHangul.swift in Sources */,
				405076F8207CD5030004651B /* OrderList.swift in Sources */,
				4096A71020A99B1F007C6315 /* SwitchLanguageViewController.swift in Sources */,
				405076F2207CD48B0004651B /* MeldingTitleView.swift in Sources */,
				405076D0207CB52E0004651B /* AppDelegate.swift in Sources */,
				409E9B0A207D8EC30079BD20 /* MHW.xcdatamodeld in Sources */,
				40BC1C422085BECA00617C76 /* Order+CoreDataClass.swift in Sources */,
				40507702207D794F0004651B /* AddGemsViewController.swift in Sources */,
				405076F6207CD4BD0004651B /* PopupSetupViewController.swift in Sources */,
				4093B9D820807A0B00C52B25 /* SavedArray+CoreDataClass.swift in Sources */,
				40EE8AE9208C58A3005B6E21 /* Gem+CoreDataProperties.swift in Sources */,
				4093B9D920807A0B00C52B25 /* SavedArray+CoreDataProperties.swift in Sources */,
				40EE8ADB208C4BBF005B6E21 /* HighlightGemsViewController.swift in Sources */,
				40BC1C432085BECA00617C76 /* GemList+CoreDataProperties.swift in Sources */,
				405076F0207CD46C0004651B /* MeldingCell.swift in Sources */,
				40EE8AEE208C5B15005B6E21 /* GemHighlightList+CoreDataClass.swift in Sources */,
				40BC1C442085BECA00617C76 /* GemList+CoreDataClass.swift in Sources */,
				40BC1C452085BECA00617C76 /* Order+CoreDataProperties.swift in Sources */,
				409E9B14207D903A0079BD20 /* PersistenceService.swift in Sources */,
				405076E5207CD2590004651B /* UIButton+BorderedButton.swift in Sources */,
				40551149208332A00040719B /* SettingsViewController.swift in Sources */,
				40BC1C1120843FC700617C76 /* Key.swift in Sources */,
				40EE8AEF208C5B15005B6E21 /* GemHighlightList+CoreDataProperties.swift in Sources */,
				40E970722083F189002EFABE /* ContactUsViewController.swift in Sources */,
			);
			runOnlyForDeploymentPostprocessing = 0;
		};
/* End PBXSourcesBuildPhase section */

/* Begin PBXVariantGroup section */
		405076D3207CB52E0004651B /* Main.storyboard */ = {
			isa = PBXVariantGroup;
			children = (
				405076D4207CB52E0004651B /* Base */,
				40BC1BF62084272C00617C76 /* ko */,
			);
			name = Main.storyboard;
			sourceTree = "<group>";
		};
		405076DB207CB5300004651B /* LaunchScreen.storyboard */ = {
			isa = PBXVariantGroup;
			children = (
				405076DC207CB5300004651B /* Base */,
				40BC1C05208434F200617C76 /* ko */,
			);
			name = LaunchScreen.storyboard;
			sourceTree = "<group>";
		};
		40BC1C012084277200617C76 /* Localizable.strings */ = {
			isa = PBXVariantGroup;
			children = (
				40BC1C002084277200617C76 /* ko */,
				40BC1C022084277600617C76 /* Base */,
			);
			name = Localizable.strings;
			sourceTree = "<group>";
		};
		40BC1C1F2084674A00617C76 /* InfoPlist.strings */ = {
			isa = PBXVariantGroup;
			children = (
				40BC1C202084674A00617C76 /* Base */,
				40BC1C222084674E00617C76 /* ko */,
				40BC1C232084690100617C76 /* en */,
			);
			name = InfoPlist.strings;
			sourceTree = "<group>";
		};
/* End PBXVariantGroup section */

/* Begin XCBuildConfiguration section */
		405076DF207CB5300004651B /* Debug */ = {
			isa = XCBuildConfiguration;
			buildSettings = {
				ALWAYS_SEARCH_USER_PATHS = NO;
				CLANG_ANALYZER_LOCALIZABILITY_NONLOCALIZED = YES;
				CLANG_ANALYZER_NONNULL = YES;
				CLANG_ANALYZER_NUMBER_OBJECT_CONVERSION = YES_AGGRESSIVE;
				CLANG_CXX_LANGUAGE_STANDARD = "gnu++14";
				CLANG_CXX_LIBRARY = "libc++";
				CLANG_ENABLE_MODULES = YES;
				CLANG_ENABLE_OBJC_ARC = YES;
				CLANG_ENABLE_OBJC_WEAK = YES;
				CLANG_WARN_BLOCK_CAPTURE_AUTORELEASING = YES;
				CLANG_WARN_BOOL_CONVERSION = YES;
				CLANG_WARN_COMMA = YES;
				CLANG_WARN_CONSTANT_CONVERSION = YES;
				CLANG_WARN_DEPRECATED_OBJC_IMPLEMENTATIONS = YES;
				CLANG_WARN_DIRECT_OBJC_ISA_USAGE = YES_ERROR;
				CLANG_WARN_DOCUMENTATION_COMMENTS = YES;
				CLANG_WARN_EMPTY_BODY = YES;
				CLANG_WARN_ENUM_CONVERSION = YES;
				CLANG_WARN_INFINITE_RECURSION = YES;
				CLANG_WARN_INT_CONVERSION = YES;
				CLANG_WARN_NON_LITERAL_NULL_CONVERSION = YES;
				CLANG_WARN_OBJC_IMPLICIT_RETAIN_SELF = YES;
				CLANG_WARN_OBJC_LITERAL_CONVERSION = YES;
				CLANG_WARN_OBJC_ROOT_CLASS = YES_ERROR;
				CLANG_WARN_RANGE_LOOP_ANALYSIS = YES;
				CLANG_WARN_STRICT_PROTOTYPES = YES;
				CLANG_WARN_SUSPICIOUS_MOVE = YES;
				CLANG_WARN_UNGUARDED_AVAILABILITY = YES_AGGRESSIVE;
				CLANG_WARN_UNREACHABLE_CODE = YES;
				CLANG_WARN__DUPLICATE_METHOD_MATCH = YES;
				CODE_SIGN_IDENTITY = "iPhone Developer";
				COPY_PHASE_STRIP = NO;
				DEBUG_INFORMATION_FORMAT = dwarf;
				ENABLE_STRICT_OBJC_MSGSEND = YES;
				ENABLE_TESTABILITY = YES;
				GCC_C_LANGUAGE_STANDARD = gnu11;
				GCC_DYNAMIC_NO_PIC = NO;
				GCC_NO_COMMON_BLOCKS = YES;
				GCC_OPTIMIZATION_LEVEL = 0;
				GCC_PREPROCESSOR_DEFINITIONS = (
					"DEBUG=1",
					"$(inherited)",
				);
				GCC_WARN_64_TO_32_BIT_CONVERSION = YES;
				GCC_WARN_ABOUT_RETURN_TYPE = YES_ERROR;
				GCC_WARN_UNDECLARED_SELECTOR = YES;
				GCC_WARN_UNINITIALIZED_AUTOS = YES_AGGRESSIVE;
				GCC_WARN_UNUSED_FUNCTION = YES;
				GCC_WARN_UNUSED_VARIABLE = YES;
				IPHONEOS_DEPLOYMENT_TARGET = 11.3;
				MTL_ENABLE_DEBUG_INFO = YES;
				ONLY_ACTIVE_ARCH = YES;
				SDKROOT = iphoneos;
				SWIFT_ACTIVE_COMPILATION_CONDITIONS = DEBUG;
				SWIFT_OPTIMIZATION_LEVEL = "-Onone";
			};
			name = Debug;
		};
		405076E0207CB5300004651B /* Release */ = {
			isa = XCBuildConfiguration;
			buildSettings = {
				ALWAYS_SEARCH_USER_PATHS = NO;
				CLANG_ANALYZER_LOCALIZABILITY_NONLOCALIZED = YES;
				CLANG_ANALYZER_NONNULL = YES;
				CLANG_ANALYZER_NUMBER_OBJECT_CONVERSION = YES_AGGRESSIVE;
				CLANG_CXX_LANGUAGE_STANDARD = "gnu++14";
				CLANG_CXX_LIBRARY = "libc++";
				CLANG_ENABLE_MODULES = YES;
				CLANG_ENABLE_OBJC_ARC = YES;
				CLANG_ENABLE_OBJC_WEAK = YES;
				CLANG_WARN_BLOCK_CAPTURE_AUTORELEASING = YES;
				CLANG_WARN_BOOL_CONVERSION = YES;
				CLANG_WARN_COMMA = YES;
				CLANG_WARN_CONSTANT_CONVERSION = YES;
				CLANG_WARN_DEPRECATED_OBJC_IMPLEMENTATIONS = YES;
				CLANG_WARN_DIRECT_OBJC_ISA_USAGE = YES_ERROR;
				CLANG_WARN_DOCUMENTATION_COMMENTS = YES;
				CLANG_WARN_EMPTY_BODY = YES;
				CLANG_WARN_ENUM_CONVERSION = YES;
				CLANG_WARN_INFINITE_RECURSION = YES;
				CLANG_WARN_INT_CONVERSION = YES;
				CLANG_WARN_NON_LITERAL_NULL_CONVERSION = YES;
				CLANG_WARN_OBJC_IMPLICIT_RETAIN_SELF = YES;
				CLANG_WARN_OBJC_LITERAL_CONVERSION = YES;
				CLANG_WARN_OBJC_ROOT_CLASS = YES_ERROR;
				CLANG_WARN_RANGE_LOOP_ANALYSIS = YES;
				CLANG_WARN_STRICT_PROTOTYPES = YES;
				CLANG_WARN_SUSPICIOUS_MOVE = YES;
				CLANG_WARN_UNGUARDED_AVAILABILITY = YES_AGGRESSIVE;
				CLANG_WARN_UNREACHABLE_CODE = YES;
				CLANG_WARN__DUPLICATE_METHOD_MATCH = YES;
				CODE_SIGN_IDENTITY = "iPhone Developer";
				COPY_PHASE_STRIP = NO;
				DEBUG_INFORMATION_FORMAT = "dwarf-with-dsym";
				ENABLE_NS_ASSERTIONS = NO;
				ENABLE_STRICT_OBJC_MSGSEND = YES;
				GCC_C_LANGUAGE_STANDARD = gnu11;
				GCC_NO_COMMON_BLOCKS = YES;
				GCC_WARN_64_TO_32_BIT_CONVERSION = YES;
				GCC_WARN_ABOUT_RETURN_TYPE = YES_ERROR;
				GCC_WARN_UNDECLARED_SELECTOR = YES;
				GCC_WARN_UNINITIALIZED_AUTOS = YES_AGGRESSIVE;
				GCC_WARN_UNUSED_FUNCTION = YES;
				GCC_WARN_UNUSED_VARIABLE = YES;
				IPHONEOS_DEPLOYMENT_TARGET = 11.3;
				MTL_ENABLE_DEBUG_INFO = NO;
				SDKROOT = iphoneos;
				SWIFT_COMPILATION_MODE = wholemodule;
				SWIFT_OPTIMIZATION_LEVEL = "-O";
				VALIDATE_PRODUCT = YES;
			};
			name = Release;
		};
		405076E2207CB5300004651B /* Debug */ = {
			isa = XCBuildConfiguration;
			baseConfigurationReference = 93B2F4D93A79D2B9870F1AAF /* Pods-MHW.debug.xcconfig */;
			buildSettings = {
				ASSETCATALOG_COMPILER_APPICON_NAME = AppIcon;
				CODE_SIGN_STYLE = Automatic;
				DEVELOPMENT_TEAM = U43R3UYB5A;
				FRAMEWORK_SEARCH_PATHS = (
					"$(inherited)",
					"\"${PODS_CONFIGURATION_BUILD_DIR}/Localize-Swift\"",
					"\"${PODS_CONFIGURATION_BUILD_DIR}/SwiftyStoreKit\"",
					"\"${PODS_ROOT}/Google-Mobile-Ads-SDK/Frameworks/frameworks\"",
					"$(SRCROOT)",
				);
				INFOPLIST_FILE = "$(SRCROOT)/MHW/Supporting Files/Info.plist";
				IPHONEOS_DEPLOYMENT_TARGET = 10.0;
				LD_RUNPATH_SEARCH_PATHS = (
					"$(inherited)",
					"@executable_path/Frameworks",
				);
				PRODUCT_BUNDLE_IDENTIFIER = com.jeffeom.MHW;
				PRODUCT_NAME = "$(TARGET_NAME)";
				SWIFT_VERSION = 4.0;
				TARGETED_DEVICE_FAMILY = 1;
			};
			name = Debug;
		};
		405076E3207CB5300004651B /* Release */ = {
			isa = XCBuildConfiguration;
			baseConfigurationReference = DCE9C4F121951F0F6EC0401B /* Pods-MHW.release.xcconfig */;
			buildSettings = {
				ASSETCATALOG_COMPILER_APPICON_NAME = AppIcon;
				CODE_SIGN_STYLE = Automatic;
				DEVELOPMENT_TEAM = U43R3UYB5A;
				FRAMEWORK_SEARCH_PATHS = (
					"$(inherited)",
					"\"${PODS_CONFIGURATION_BUILD_DIR}/Localize-Swift\"",
					"\"${PODS_CONFIGURATION_BUILD_DIR}/SwiftyStoreKit\"",
					"\"${PODS_ROOT}/Google-Mobile-Ads-SDK/Frameworks/frameworks\"",
					"$(SRCROOT)",
				);
				INFOPLIST_FILE = "$(SRCROOT)/MHW/Supporting Files/Info.plist";
				IPHONEOS_DEPLOYMENT_TARGET = 10.0;
				LD_RUNPATH_SEARCH_PATHS = (
					"$(inherited)",
					"@executable_path/Frameworks",
				);
				PRODUCT_BUNDLE_IDENTIFIER = com.jeffeom.MHW;
				PRODUCT_NAME = "$(TARGET_NAME)";
				SWIFT_VERSION = 4.0;
				TARGETED_DEVICE_FAMILY = 1;
			};
			name = Release;
		};
/* End XCBuildConfiguration section */

/* Begin XCConfigurationList section */
		405076C7207CB52E0004651B /* Build configuration list for PBXProject "MHW" */ = {
			isa = XCConfigurationList;
			buildConfigurations = (
				405076DF207CB5300004651B /* Debug */,
				405076E0207CB5300004651B /* Release */,
			);
			defaultConfigurationIsVisible = 0;
			defaultConfigurationName = Release;
		};
		405076E1207CB5300004651B /* Build configuration list for PBXNativeTarget "MHW" */ = {
			isa = XCConfigurationList;
			buildConfigurations = (
				405076E2207CB5300004651B /* Debug */,
				405076E3207CB5300004651B /* Release */,
			);
			defaultConfigurationIsVisible = 0;
			defaultConfigurationName = Release;
		};
/* End XCConfigurationList section */

/* Begin XCVersionGroup section */
		409E9B08207D8EC30079BD20 /* MHW.xcdatamodeld */ = {
			isa = XCVersionGroup;
			children = (
				409E9B09207D8EC30079BD20 /* MHW.xcdatamodel */,
			);
			currentVersion = 409E9B09207D8EC30079BD20 /* MHW.xcdatamodel */;
			path = MHW.xcdatamodeld;
			sourceTree = "<group>";
			versionGroupType = wrapper.xcdatamodel;
		};
/* End XCVersionGroup section */
	};
	rootObject = 405076C4207CB52E0004651B /* Project object */;
}
